
Microsoft Visual Studio Solution File, Format Version 12.00
# Visual Studio Version 17
VisualStudioVersion = 17.0.31912.275
MinimumVisualStudioVersion = 10.0.40219.1
Project("{9A19103F-16F7-4668-BE54-9A1E7A4F7556}") = "WebApplication1", "WebApplication1\WebApplication1.csproj", "{08C80FC4-D1C2-460F-BEAF-92ADB597A4E6}"
EndProject
Project("{FAE04EC0-301F-11D3-BF4B-00C04F79EFBC}") = "GrpcService1", "GrpcService1\GrpcService1.csproj", "{8D8605F2-1949-452B-AFE7-23D9CEDCCBBB}"
EndProject
Global
	GlobalSection(SolutionConfigurationPlatforms) = preSolution
		Debug|Any CPU = Debug|Any CPU
		Release|Any CPU = Release|Any CPU
	EndGlobalSection
	GlobalSection(ProjectConfigurationPlatforms) = postSolution
		{08C80FC4-D1C2-460F-BEAF-92ADB597A4E6}.Debug|Any CPU.ActiveCfg = Debug|Any CPU
		{08C80FC4-D1C2-460F-BEAF-92ADB597A4E6}.Debug|Any CPU.Build.0 = Debug|Any CPU
		{08C80FC4-D1C2-460F-BEAF-92ADB597A4E6}.Release|Any CPU.ActiveCfg = Release|Any CPU
		{08C80FC4-D1C2-460F-BEAF-92ADB597A4E6}.Release|Any CPU.Build.0 = Release|Any CPU
		{8D8605F2-1949-452B-AFE7-23D9CEDCCBBB}.Debug|Any CPU.ActiveCfg = Debug|Any CPU
		{8D8605F2-1949-452B-AFE7-23D9CEDCCBBB}.Debug|Any CPU.Build.0 = Debug|Any CPU
		{8D8605F2-1949-452B-AFE7-23D9CEDCCBBB}.Release|Any CPU.ActiveCfg = Release|Any CPU
		{8D8605F2-1949-452B-AFE7-23D9CEDCCBBB}.Release|Any CPU.Build.0 = Release|Any CPU
	EndGlobalSection
	GlobalSection(SolutionProperties) = preSolution
		HideSolutionNode = FALSE
	EndGlobalSection
	GlobalSection(ExtensibilityGlobals) = postSolution
		SolutionGuid = {269B82FD-3626-403E-9901-EB725CD4A3F3}
	EndGlobalSection
EndGlobal
